// !$*UTF8*$!
{
	archiveVersion = 1;
	classes = {
	};
	objectVersion = 55;
	objects = {

/* Begin PBXBuildFile section */
		8F5D157A28DE4AC90074DC83 /* myRidePalApp.swift in Sources */ = {isa = PBXBuildFile; fileRef = 8F5D157928DE4AC90074DC83 /* myRidePalApp.swift */; };
		8F5D157C28DE4AC90074DC83 /* ContentView.swift in Sources */ = {isa = PBXBuildFile; fileRef = 8F5D157B28DE4AC90074DC83 /* ContentView.swift */; };
		8F5D157E28DE4ACB0074DC83 /* Assets.xcassets in Resources */ = {isa = PBXBuildFile; fileRef = 8F5D157D28DE4ACB0074DC83 /* Assets.xcassets */; };
		8F5D158128DE4ACB0074DC83 /* Preview Assets.xcassets in Resources */ = {isa = PBXBuildFile; fileRef = 8F5D158028DE4ACB0074DC83 /* Preview Assets.xcassets */; };
		8F5D158B28DE4ACB0074DC83 /* myRidePalTests.swift in Sources */ = {isa = PBXBuildFile; fileRef = 8F5D158A28DE4ACB0074DC83 /* myRidePalTests.swift */; };
		8F5D159528DE4ACB0074DC83 /* myRidePalUITests.swift in Sources */ = {isa = PBXBuildFile; fileRef = 8F5D159428DE4ACB0074DC83 /* myRidePalUITests.swift */; };
		8F5D159728DE4ACB0074DC83 /* myRidePalUITestsLaunchTests.swift in Sources */ = {isa = PBXBuildFile; fileRef = 8F5D159628DE4ACB0074DC83 /* myRidePalUITestsLaunchTests.swift */; };
		8F5D15A428DE4B210074DC83 /* Activity.swift in Sources */ = {isa = PBXBuildFile; fileRef = 8F5D15A328DE4B210074DC83 /* Activity.swift */; };
		8F5D15A628DE568F0074DC83 /* GoogleService-Info.plist in Resources */ = {isa = PBXBuildFile; fileRef = 8F5D15A528DE568F0074DC83 /* GoogleService-Info.plist */; };
		8F5D15A928DE578E0074DC83 /* FirebaseAuth in Frameworks */ = {isa = PBXBuildFile; productRef = 8F5D15A828DE578E0074DC83 /* FirebaseAuth */; };
		8F5D15AB28DE578E0074DC83 /* FirebaseFirestore in Frameworks */ = {isa = PBXBuildFile; productRef = 8F5D15AA28DE578E0074DC83 /* FirebaseFirestore */; };
		8F5D15AD28DE578E0074DC83 /* FirebaseFirestoreSwift in Frameworks */ = {isa = PBXBuildFile; productRef = 8F5D15AC28DE578E0074DC83 /* FirebaseFirestoreSwift */; };
		8F5D15AF28DE578E0074DC83 /* FirebaseStorage in Frameworks */ = {isa = PBXBuildFile; productRef = 8F5D15AE28DE578E0074DC83 /* FirebaseStorage */; };
		8F5D15B128DE59880074DC83 /* AuthViewModel.swift in Sources */ = {isa = PBXBuildFile; fileRef = 8F5D15B028DE59880074DC83 /* AuthViewModel.swift */; };
		8F5D15B328DE5A540074DC83 /* DataStructure.swift in Sources */ = {isa = PBXBuildFile; fileRef = 8F5D15B228DE5A540074DC83 /* DataStructure.swift */; };
		8F5D15B528DE64080074DC83 /* Actab.swift in Sources */ = {isa = PBXBuildFile; fileRef = 8F5D15B428DE64070074DC83 /* Actab.swift */; };
		8FB3B03E28DEA6AD00CCD725 /* Kingfisher in Frameworks */ = {isa = PBXBuildFile; productRef = 8FB3B03D28DEA6AD00CCD725 /* Kingfisher */; };
		8FB3B04028DEAEF600CCD725 /* Request.swift in Sources */ = {isa = PBXBuildFile; fileRef = 8FB3B03F28DEAEF600CCD725 /* Request.swift */; };
		8FB3B04228DEBC0100CCD725 /* Profile.swift in Sources */ = {isa = PBXBuildFile; fileRef = 8FB3B04128DEBC0100CCD725 /* Profile.swift */; };
		8FB3B04428DEC0E800CCD725 /* Resquesting.swift in Sources */ = {isa = PBXBuildFile; fileRef = 8FB3B04328DEC0E800CCD725 /* Resquesting.swift */; };
		8FB3B04628DEC47000CCD725 /* ViewControlModel.swift in Sources */ = {isa = PBXBuildFile; fileRef = 8FB3B04528DEC47000CCD725 /* ViewControlModel.swift */; };
		8FB3B04928DED14700CCD725 /* GoogleSignIn in Frameworks */ = {isa = PBXBuildFile; productRef = 8FB3B04828DED14700CCD725 /* GoogleSignIn */; };
		8FB3B04B28DED14700CCD725 /* GoogleSignInSwift in Frameworks */ = {isa = PBXBuildFile; productRef = 8FB3B04A28DED14700CCD725 /* GoogleSignInSwift */; };
		8FB3B04D28DED2C100CCD725 /* Login.swift in Sources */ = {isa = PBXBuildFile; fileRef = 8FB3B04C28DED2C100CCD725 /* Login.swift */; };
		8FB3B05228DF213900CCD725 /* Tracker.swift in Sources */ = {isa = PBXBuildFile; fileRef = 8FB3B05128DF213900CCD725 /* Tracker.swift */; };
/* End PBXBuildFile section */

/* Begin PBXContainerItemProxy section */
		8F5D158728DE4ACB0074DC83 /* PBXContainerItemProxy */ = {
			isa = PBXContainerItemProxy;
			containerPortal = 8F5D156E28DE4AC90074DC83 /* Project object */;
			proxyType = 1;
			remoteGlobalIDString = 8F5D157528DE4AC90074DC83;
			remoteInfo = myRidePal;
		};
		8F5D159128DE4ACB0074DC83 /* PBXContainerItemProxy */ = {
			isa = PBXContainerItemProxy;
			containerPortal = 8F5D156E28DE4AC90074DC83 /* Project object */;
			proxyType = 1;
			remoteGlobalIDString = 8F5D157528DE4AC90074DC83;
			remoteInfo = myRidePal;
		};
/* End PBXContainerItemProxy section */

/* Begin PBXFileReference section */
		8F5D157628DE4AC90074DC83 /* myRidePal.app */ = {isa = PBXFileReference; explicitFileType = wrapper.application; includeInIndex = 0; path = myRidePal.app; sourceTree = BUILT_PRODUCTS_DIR; };
		8F5D157928DE4AC90074DC83 /* myRidePalApp.swift */ = {isa = PBXFileReference; lastKnownFileType = sourcecode.swift; path = myRidePalApp.swift; sourceTree = "<group>"; };
		8F5D157B28DE4AC90074DC83 /* ContentView.swift */ = {isa = PBXFileReference; lastKnownFileType = sourcecode.swift; path = ContentView.swift; sourceTree = "<group>"; };
		8F5D157D28DE4ACB0074DC83 /* Assets.xcassets */ = {isa = PBXFileReference; lastKnownFileType = folder.assetcatalog; path = Assets.xcassets; sourceTree = "<group>"; };
		8F5D158028DE4ACB0074DC83 /* Preview Assets.xcassets */ = {isa = PBXFileReference; lastKnownFileType = folder.assetcatalog; path = "Preview Assets.xcassets"; sourceTree = "<group>"; };
		8F5D158628DE4ACB0074DC83 /* myRidePalTests.xctest */ = {isa = PBXFileReference; explicitFileType = wrapper.cfbundle; includeInIndex = 0; path = myRidePalTests.xctest; sourceTree = BUILT_PRODUCTS_DIR; };
		8F5D158A28DE4ACB0074DC83 /* myRidePalTests.swift */ = {isa = PBXFileReference; lastKnownFileType = sourcecode.swift; path = myRidePalTests.swift; sourceTree = "<group>"; };
		8F5D159028DE4ACB0074DC83 /* myRidePalUITests.xctest */ = {isa = PBXFileReference; explicitFileType = wrapper.cfbundle; includeInIndex = 0; path = myRidePalUITests.xctest; sourceTree = BUILT_PRODUCTS_DIR; };
		8F5D159428DE4ACB0074DC83 /* myRidePalUITests.swift */ = {isa = PBXFileReference; lastKnownFileType = sourcecode.swift; path = myRidePalUITests.swift; sourceTree = "<group>"; };
		8F5D159628DE4ACB0074DC83 /* myRidePalUITestsLaunchTests.swift */ = {isa = PBXFileReference; lastKnownFileType = sourcecode.swift; path = myRidePalUITestsLaunchTests.swift; sourceTree = "<group>"; };
		8F5D15A328DE4B210074DC83 /* Activity.swift */ = {isa = PBXFileReference; lastKnownFileType = sourcecode.swift; path = Activity.swift; sourceTree = "<group>"; };
		8F5D15A528DE568F0074DC83 /* GoogleService-Info.plist */ = {isa = PBXFileReference; fileEncoding = 4; lastKnownFileType = text.plist.xml; path = "GoogleService-Info.plist"; sourceTree = "<group>"; };
		8F5D15B028DE59880074DC83 /* AuthViewModel.swift */ = {isa = PBXFileReference; lastKnownFileType = sourcecode.swift; path = AuthViewModel.swift; sourceTree = "<group>"; };
		8F5D15B228DE5A540074DC83 /* DataStructure.swift */ = {isa = PBXFileReference; lastKnownFileType = sourcecode.swift; path = DataStructure.swift; sourceTree = "<group>"; };
		8F5D15B428DE64070074DC83 /* Actab.swift */ = {isa = PBXFileReference; lastKnownFileType = sourcecode.swift; path = Actab.swift; sourceTree = "<group>"; };
		8FB3B03F28DEAEF600CCD725 /* Request.swift */ = {isa = PBXFileReference; lastKnownFileType = sourcecode.swift; path = Request.swift; sourceTree = "<group>"; };
		8FB3B04128DEBC0100CCD725 /* Profile.swift */ = {isa = PBXFileReference; lastKnownFileType = sourcecode.swift; path = Profile.swift; sourceTree = "<group>"; };
		8FB3B04328DEC0E800CCD725 /* Resquesting.swift */ = {isa = PBXFileReference; lastKnownFileType = sourcecode.swift; path = Resquesting.swift; sourceTree = "<group>"; };
		8FB3B04528DEC47000CCD725 /* ViewControlModel.swift */ = {isa = PBXFileReference; lastKnownFileType = sourcecode.swift; path = ViewControlModel.swift; sourceTree = "<group>"; };
		8FB3B04C28DED2C100CCD725 /* Login.swift */ = {isa = PBXFileReference; lastKnownFileType = sourcecode.swift; path = Login.swift; sourceTree = "<group>"; };
		8FB3B04E28DEDDD200CCD725 /* Info.plist */ = {isa = PBXFileReference; lastKnownFileType = text.plist; path = Info.plist; sourceTree = "<group>"; };
		8FB3B05128DF213900CCD725 /* Tracker.swift */ = {isa = PBXFileReference; lastKnownFileType = sourcecode.swift; path = Tracker.swift; sourceTree = "<group>"; };
/* End PBXFileReference section */

/* Begin PBXFrameworksBuildPhase section */
		8F5D157328DE4AC90074DC83 /* Frameworks */ = {
			isa = PBXFrameworksBuildPhase;
			buildActionMask = 2147483647;
			files = (
				8F5D15A928DE578E0074DC83 /* FirebaseAuth in Frameworks */,
				8F5D15AF28DE578E0074DC83 /* FirebaseStorage in Frameworks */,
				8FB3B04B28DED14700CCD725 /* GoogleSignInSwift in Frameworks */,
				8F5D15AB28DE578E0074DC83 /* FirebaseFirestore in Frameworks */,
				8F5D15AD28DE578E0074DC83 /* FirebaseFirestoreSwift in Frameworks */,
				8FB3B03E28DEA6AD00CCD725 /* Kingfisher in Frameworks */,
				8FB3B04928DED14700CCD725 /* GoogleSignIn in Frameworks */,
			);
			runOnlyForDeploymentPostprocessing = 0;
		};
		8F5D158328DE4ACB0074DC83 /* Frameworks */ = {
			isa = PBXFrameworksBuildPhase;
			buildActionMask = 2147483647;
			files = (
			);
			runOnlyForDeploymentPostprocessing = 0;
		};
		8F5D158D28DE4ACB0074DC83 /* Frameworks */ = {
			isa = PBXFrameworksBuildPhase;
			buildActionMask = 2147483647;
			files = (
			);
			runOnlyForDeploymentPostprocessing = 0;
		};
/* End PBXFrameworksBuildPhase section */

/* Begin PBXGroup section */
		8F5D156D28DE4AC90074DC83 = {
			isa = PBXGroup;
			children = (
				8F5D157828DE4AC90074DC83 /* myRidePal */,
				8F5D158928DE4ACB0074DC83 /* myRidePalTests */,
				8F5D159328DE4ACB0074DC83 /* myRidePalUITests */,
				8F5D157728DE4AC90074DC83 /* Products */,
			);
			sourceTree = "<group>";
		};
		8F5D157728DE4AC90074DC83 /* Products */ = {
			isa = PBXGroup;
			children = (
				8F5D157628DE4AC90074DC83 /* myRidePal.app */,
				8F5D158628DE4ACB0074DC83 /* myRidePalTests.xctest */,
				8F5D159028DE4ACB0074DC83 /* myRidePalUITests.xctest */,
			);
			name = Products;
			sourceTree = "<group>";
		};
		8F5D157828DE4AC90074DC83 /* myRidePal */ = {
			isa = PBXGroup;
			children = (
				8FB3B04E28DEDDD200CCD725 /* Info.plist */,
				8F5D15A528DE568F0074DC83 /* GoogleService-Info.plist */,
				8FB3B04F28DF1BAC00CCD725 /* Main */,
				8FB3B04528DEC47000CCD725 /* ViewControlModel.swift */,
				8FB3B05028DF1BC800CCD725 /* Model */,
				8F5D157D28DE4ACB0074DC83 /* Assets.xcassets */,
				8F5D157B28DE4AC90074DC83 /* ContentView.swift */,
				8F5D157928DE4AC90074DC83 /* myRidePalApp.swift */,
				8F5D157F28DE4ACB0074DC83 /* Preview Content */,
			);
			path = myRidePal;
			sourceTree = "<group>";
		};
		8F5D157F28DE4ACB0074DC83 /* Preview Content */ = {
			isa = PBXGroup;
			children = (
				8F5D158028DE4ACB0074DC83 /* Preview Assets.xcassets */,
			);
			path = "Preview Content";
			sourceTree = "<group>";
		};
		8F5D158928DE4ACB0074DC83 /* myRidePalTests */ = {
			isa = PBXGroup;
			children = (
				8F5D158A28DE4ACB0074DC83 /* myRidePalTests.swift */,
			);
			path = myRidePalTests;
			sourceTree = "<group>";
		};
		8F5D159328DE4ACB0074DC83 /* myRidePalUITests */ = {
			isa = PBXGroup;
			children = (
				8F5D159428DE4ACB0074DC83 /* myRidePalUITests.swift */,
				8F5D159628DE4ACB0074DC83 /* myRidePalUITestsLaunchTests.swift */,
			);
			path = myRidePalUITests;
			sourceTree = "<group>";
		};
		8FB3B04F28DF1BAC00CCD725 /* Main */ = {
			isa = PBXGroup;
			children = (
				8F5D15A328DE4B210074DC83 /* Activity.swift */,
				8FB3B03F28DEAEF600CCD725 /* Request.swift */,
				8FB3B04128DEBC0100CCD725 /* Profile.swift */,
				8FB3B05128DF213900CCD725 /* Tracker.swift */,
				8FB3B04328DEC0E800CCD725 /* Resquesting.swift */,
				8FB3B04C28DED2C100CCD725 /* Login.swift */,
			);
			path = Main;
			sourceTree = "<group>";
		};
		8FB3B05028DF1BC800CCD725 /* Model */ = {
			isa = PBXGroup;
			children = (
				8F5D15B028DE59880074DC83 /* AuthViewModel.swift */,
				8F5D15B228DE5A540074DC83 /* DataStructure.swift */,
				8F5D15B428DE64070074DC83 /* Actab.swift */,
			);
			path = Model;
			sourceTree = "<group>";
		};
/* End PBXGroup section */

/* Begin PBXNativeTarget section */
		8F5D157528DE4AC90074DC83 /* myRidePal */ = {
			isa = PBXNativeTarget;
			buildConfigurationList = 8F5D159A28DE4ACB0074DC83 /* Build configuration list for PBXNativeTarget "myRidePal" */;
			buildPhases = (
				8F5D157228DE4AC90074DC83 /* Sources */,
				8F5D157328DE4AC90074DC83 /* Frameworks */,
				8F5D157428DE4AC90074DC83 /* Resources */,
			);
			buildRules = (
			);
			dependencies = (
			);
			name = myRidePal;
			packageProductDependencies = (
				8F5D15A828DE578E0074DC83 /* FirebaseAuth */,
				8F5D15AA28DE578E0074DC83 /* FirebaseFirestore */,
				8F5D15AC28DE578E0074DC83 /* FirebaseFirestoreSwift */,
				8F5D15AE28DE578E0074DC83 /* FirebaseStorage */,
				8FB3B03D28DEA6AD00CCD725 /* Kingfisher */,
				8FB3B04828DED14700CCD725 /* GoogleSignIn */,
				8FB3B04A28DED14700CCD725 /* GoogleSignInSwift */,
			);
			productName = myRidePal;
			productReference = 8F5D157628DE4AC90074DC83 /* myRidePal.app */;
			productType = "com.apple.product-type.application";
		};
		8F5D158528DE4ACB0074DC83 /* myRidePalTests */ = {
			isa = PBXNativeTarget;
			buildConfigurationList = 8F5D159D28DE4ACB0074DC83 /* Build configuration list for PBXNativeTarget "myRidePalTests" */;
			buildPhases = (
				8F5D158228DE4ACB0074DC83 /* Sources */,
				8F5D158328DE4ACB0074DC83 /* Frameworks */,
				8F5D158428DE4ACB0074DC83 /* Resources */,
			);
			buildRules = (
			);
			dependencies = (
				8F5D158828DE4ACB0074DC83 /* PBXTargetDependency */,
			);
			name = myRidePalTests;
			productName = myRidePalTests;
			productReference = 8F5D158628DE4ACB0074DC83 /* myRidePalTests.xctest */;
			productType = "com.apple.product-type.bundle.unit-test";
		};
		8F5D158F28DE4ACB0074DC83 /* myRidePalUITests */ = {
			isa = PBXNativeTarget;
			buildConfigurationList = 8F5D15A028DE4ACB0074DC83 /* Build configuration list for PBXNativeTarget "myRidePalUITests" */;
			buildPhases = (
				8F5D158C28DE4ACB0074DC83 /* Sources */,
				8F5D158D28DE4ACB0074DC83 /* Frameworks */,
				8F5D158E28DE4ACB0074DC83 /* Resources */,
			);
			buildRules = (
			);
			dependencies = (
				8F5D159228DE4ACB0074DC83 /* PBXTargetDependency */,
			);
			name = myRidePalUITests;
			productName = myRidePalUITests;
			productReference = 8F5D159028DE4ACB0074DC83 /* myRidePalUITests.xctest */;
			productType = "com.apple.product-type.bundle.ui-testing";
		};
/* End PBXNativeTarget section */

/* Begin PBXProject section */
		8F5D156E28DE4AC90074DC83 /* Project object */ = {
			isa = PBXProject;
			attributes = {
				BuildIndependentTargetsInParallel = 1;
				LastSwiftUpdateCheck = 1340;
				LastUpgradeCheck = 1340;
				TargetAttributes = {
					8F5D157528DE4AC90074DC83 = {
						CreatedOnToolsVersion = 13.4.1;
					};
					8F5D158528DE4ACB0074DC83 = {
						CreatedOnToolsVersion = 13.4.1;
						TestTargetID = 8F5D157528DE4AC90074DC83;
					};
					8F5D158F28DE4ACB0074DC83 = {
						CreatedOnToolsVersion = 13.4.1;
						TestTargetID = 8F5D157528DE4AC90074DC83;
					};
				};
			};
			buildConfigurationList = 8F5D157128DE4AC90074DC83 /* Build configuration list for PBXProject "myRidePal" */;
			compatibilityVersion = "Xcode 13.0";
			developmentRegion = en;
			hasScannedForEncodings = 0;
			knownRegions = (
				en,
				Base,
			);
			mainGroup = 8F5D156D28DE4AC90074DC83;
			packageReferences = (
				8F5D15A728DE578E0074DC83 /* XCRemoteSwiftPackageReference "firebase-ios-sdk" */,
				8FB3B03C28DEA6AC00CCD725 /* XCRemoteSwiftPackageReference "Kingfisher" */,
				8FB3B04728DED14700CCD725 /* XCRemoteSwiftPackageReference "GoogleSignIn-iOS" */,
			);
			productRefGroup = 8F5D157728DE4AC90074DC83 /* Products */;
			projectDirPath = "";
			projectRoot = "";
			targets = (
				8F5D157528DE4AC90074DC83 /* myRidePal */,
				8F5D158528DE4ACB0074DC83 /* myRidePalTests */,
				8F5D158F28DE4ACB0074DC83 /* myRidePalUITests */,
			);
		};
/* End PBXProject section */

/* Begin PBXResourcesBuildPhase section */
		8F5D157428DE4AC90074DC83 /* Resources */ = {
			isa = PBXResourcesBuildPhase;
			buildActionMask = 2147483647;
			files = (
				8F5D158128DE4ACB0074DC83 /* Preview Assets.xcassets in Resources */,
				8F5D157E28DE4ACB0074DC83 /* Assets.xcassets in Resources */,
				8F5D15A628DE568F0074DC83 /* GoogleService-Info.plist in Resources */,
			);
			runOnlyForDeploymentPostprocessing = 0;
		};
		8F5D158428DE4ACB0074DC83 /* Resources */ = {
			isa = PBXResourcesBuildPhase;
			buildActionMask = 2147483647;
			files = (
			);
			runOnlyForDeploymentPostprocessing = 0;
		};
		8F5D158E28DE4ACB0074DC83 /* Resources */ = {
			isa = PBXResourcesBuildPhase;
			buildActionMask = 2147483647;
			files = (
			);
			runOnlyForDeploymentPostprocessing = 0;
		};
/* End PBXResourcesBuildPhase section */

/* Begin PBXSourcesBuildPhase section */
		8F5D157228DE4AC90074DC83 /* Sources */ = {
			isa = PBXSourcesBuildPhase;
			buildActionMask = 2147483647;
			files = (
				8FB3B05228DF213900CCD725 /* Tracker.swift in Sources */,
				8F5D15B128DE59880074DC83 /* AuthViewModel.swift in Sources */,
				8FB3B04228DEBC0100CCD725 /* Profile.swift in Sources */,
				8FB3B04D28DED2C100CCD725 /* Login.swift in Sources */,
				8F5D15A428DE4B210074DC83 /* Activity.swift in Sources */,
				8F5D15B328DE5A540074DC83 /* DataStructure.swift in Sources */,
				8F5D157C28DE4AC90074DC83 /* ContentView.swift in Sources */,
				8FB3B04028DEAEF600CCD725 /* Request.swift in Sources */,
				8F5D157A28DE4AC90074DC83 /* myRidePalApp.swift in Sources */,
				8FB3B04428DEC0E800CCD725 /* Resquesting.swift in Sources */,
				8FB3B04628DEC47000CCD725 /* ViewControlModel.swift in Sources */,
				8F5D15B528DE64080074DC83 /* Actab.swift in Sources */,
			);
			runOnlyForDeploymentPostprocessing = 0;
		};
		8F5D158228DE4ACB0074DC83 /* Sources */ = {
			isa = PBXSourcesBuildPhase;
			buildActionMask = 2147483647;
			files = (
				8F5D158B28DE4ACB0074DC83 /* myRidePalTests.swift in Sources */,
			);
			runOnlyForDeploymentPostprocessing = 0;
		};
		8F5D158C28DE4ACB0074DC83 /* Sources */ = {
			isa = PBXSourcesBuildPhase;
			buildActionMask = 2147483647;
			files = (
				8F5D159728DE4ACB0074DC83 /* myRidePalUITestsLaunchTests.swift in Sources */,
				8F5D159528DE4ACB0074DC83 /* myRidePalUITests.swift in Sources */,
			);
			runOnlyForDeploymentPostprocessing = 0;
		};
/* End PBXSourcesBuildPhase section */

/* Begin PBXTargetDependency section */
		8F5D158828DE4ACB0074DC83 /* PBXTargetDependency */ = {
			isa = PBXTargetDependency;
			target = 8F5D157528DE4AC90074DC83 /* myRidePal */;
			targetProxy = 8F5D158728DE4ACB0074DC83 /* PBXContainerItemProxy */;
		};
		8F5D159228DE4ACB0074DC83 /* PBXTargetDependency */ = {
			isa = PBXTargetDependency;
			target = 8F5D157528DE4AC90074DC83 /* myRidePal */;
			targetProxy = 8F5D159128DE4ACB0074DC83 /* PBXContainerItemProxy */;
		};
/* End PBXTargetDependency section */

/* Begin XCBuildConfiguration section */
		8F5D159828DE4ACB0074DC83 /* Debug */ = {
			isa = XCBuildConfiguration;
			buildSettings = {
				ALWAYS_SEARCH_USER_PATHS = NO;
				CLANG_ANALYZER_NONNULL = YES;
				CLANG_ANALYZER_NUMBER_OBJECT_CONVERSION = YES_AGGRESSIVE;
				CLANG_CXX_LANGUAGE_STANDARD = "gnu++17";
				CLANG_ENABLE_MODULES = YES;
				CLANG_ENABLE_OBJC_ARC = YES;
				CLANG_ENABLE_OBJC_WEAK = YES;
				CLANG_WARN_BLOCK_CAPTURE_AUTORELEASING = YES;
				CLANG_WARN_BOOL_CONVERSION = YES;
				CLANG_WARN_COMMA = YES;
				CLANG_WARN_CONSTANT_CONVERSION = YES;
				CLANG_WARN_DEPRECATED_OBJC_IMPLEMENTATIONS = YES;
				CLANG_WARN_DIRECT_OBJC_ISA_USAGE = YES_ERROR;
				CLANG_WARN_DOCUMENTATION_COMMENTS = YES;
				CLANG_WARN_EMPTY_BODY = YES;
				CLANG_WARN_ENUM_CONVERSION = YES;
				CLANG_WARN_INFINITE_RECURSION = YES;
				CLANG_WARN_INT_CONVERSION = YES;
				CLANG_WARN_NON_LITERAL_NULL_CONVERSION = YES;
				CLANG_WARN_OBJC_IMPLICIT_RETAIN_SELF = YES;
				CLANG_WARN_OBJC_LITERAL_CONVERSION = YES;
				CLANG_WARN_OBJC_ROOT_CLASS = YES_ERROR;
				CLANG_WARN_QUOTED_INCLUDE_IN_FRAMEWORK_HEADER = YES;
				CLANG_WARN_RANGE_LOOP_ANALYSIS = YES;
				CLANG_WARN_STRICT_PROTOTYPES = YES;
				CLANG_WARN_SUSPICIOUS_MOVE = YES;
				CLANG_WARN_UNGUARDED_AVAILABILITY = YES_AGGRESSIVE;
				CLANG_WARN_UNREACHABLE_CODE = YES;
				CLANG_WARN__DUPLICATE_METHOD_MATCH = YES;
				COPY_PHASE_STRIP = NO;
				DEBUG_INFORMATION_FORMAT = dwarf;
				ENABLE_STRICT_OBJC_MSGSEND = YES;
				ENABLE_TESTABILITY = YES;
				GCC_C_LANGUAGE_STANDARD = gnu11;
				GCC_DYNAMIC_NO_PIC = NO;
				GCC_NO_COMMON_BLOCKS = YES;
				GCC_OPTIMIZATION_LEVEL = 0;
				GCC_PREPROCESSOR_DEFINITIONS = (
					"DEBUG=1",
					"$(inherited)",
				);
				GCC_WARN_64_TO_32_BIT_CONVERSION = YES;
				GCC_WARN_ABOUT_RETURN_TYPE = YES_ERROR;
				GCC_WARN_UNDECLARED_SELECTOR = YES;
				GCC_WARN_UNINITIALIZED_AUTOS = YES_AGGRESSIVE;
				GCC_WARN_UNUSED_FUNCTION = YES;
				GCC_WARN_UNUSED_VARIABLE = YES;
				IPHONEOS_DEPLOYMENT_TARGET = 15.5;
				MTL_ENABLE_DEBUG_INFO = INCLUDE_SOURCE;
				MTL_FAST_MATH = YES;
				ONLY_ACTIVE_ARCH = YES;
				SDKROOT = iphoneos;
				SWIFT_ACTIVE_COMPILATION_CONDITIONS = DEBUG;
				SWIFT_OPTIMIZATION_LEVEL = "-Onone";
			};
			name = Debug;
		};
		8F5D159928DE4ACB0074DC83 /* Release */ = {
			isa = XCBuildConfiguration;
			buildSettings = {
				ALWAYS_SEARCH_USER_PATHS = NO;
				CLANG_ANALYZER_NONNULL = YES;
				CLANG_ANALYZER_NUMBER_OBJECT_CONVERSION = YES_AGGRESSIVE;
				CLANG_CXX_LANGUAGE_STANDARD = "gnu++17";
				CLANG_ENABLE_MODULES = YES;
				CLANG_ENABLE_OBJC_ARC = YES;
				CLANG_ENABLE_OBJC_WEAK = YES;
				CLANG_WARN_BLOCK_CAPTURE_AUTORELEASING = YES;
				CLANG_WARN_BOOL_CONVERSION = YES;
				CLANG_WARN_COMMA = YES;
				CLANG_WARN_CONSTANT_CONVERSION = YES;
				CLANG_WARN_DEPRECATED_OBJC_IMPLEMENTATIONS = YES;
				CLANG_WARN_DIRECT_OBJC_ISA_USAGE = YES_ERROR;
				CLANG_WARN_DOCUMENTATION_COMMENTS = YES;
				CLANG_WARN_EMPTY_BODY = YES;
				CLANG_WARN_ENUM_CONVERSION = YES;
				CLANG_WARN_INFINITE_RECURSION = YES;
				CLANG_WARN_INT_CONVERSION = YES;
				CLANG_WARN_NON_LITERAL_NULL_CONVERSION = YES;
				CLANG_WARN_OBJC_IMPLICIT_RETAIN_SELF = YES;
				CLANG_WARN_OBJC_LITERAL_CONVERSION = YES;
				CLANG_WARN_OBJC_ROOT_CLASS = YES_ERROR;
				CLANG_WARN_QUOTED_INCLUDE_IN_FRAMEWORK_HEADER = YES;
				CLANG_WARN_RANGE_LOOP_ANALYSIS = YES;
				CLANG_WARN_STRICT_PROTOTYPES = YES;
				CLANG_WARN_SUSPICIOUS_MOVE = YES;
				CLANG_WARN_UNGUARDED_AVAILABILITY = YES_AGGRESSIVE;
				CLANG_WARN_UNREACHABLE_CODE = YES;
				CLANG_WARN__DUPLICATE_METHOD_MATCH = YES;
				COPY_PHASE_STRIP = NO;
				DEBUG_INFORMATION_FORMAT = "dwarf-with-dsym";
				ENABLE_NS_ASSERTIONS = NO;
				ENABLE_STRICT_OBJC_MSGSEND = YES;
				GCC_C_LANGUAGE_STANDARD = gnu11;
				GCC_NO_COMMON_BLOCKS = YES;
				GCC_WARN_64_TO_32_BIT_CONVERSION = YES;
				GCC_WARN_ABOUT_RETURN_TYPE = YES_ERROR;
				GCC_WARN_UNDECLARED_SELECTOR = YES;
				GCC_WARN_UNINITIALIZED_AUTOS = YES_AGGRESSIVE;
				GCC_WARN_UNUSED_FUNCTION = YES;
				GCC_WARN_UNUSED_VARIABLE = YES;
				IPHONEOS_DEPLOYMENT_TARGET = 15.5;
				MTL_ENABLE_DEBUG_INFO = NO;
				MTL_FAST_MATH = YES;
				SDKROOT = iphoneos;
				SWIFT_COMPILATION_MODE = wholemodule;
				SWIFT_OPTIMIZATION_LEVEL = "-O";
				VALIDATE_PRODUCT = YES;
			};
			name = Release;
		};
		8F5D159B28DE4ACB0074DC83 /* Debug */ = {
			isa = XCBuildConfiguration;
			buildSettings = {
				ASSETCATALOG_COMPILER_APPICON_NAME = AppIcon;
				ASSETCATALOG_COMPILER_GLOBAL_ACCENT_COLOR_NAME = AccentColor;
				CODE_SIGN_STYLE = Automatic;
				CURRENT_PROJECT_VERSION = 1;
				DEVELOPMENT_ASSET_PATHS = "\"myRidePal/Preview Content\"";
				DEVELOPMENT_TEAM = 89P42BULRY;
				ENABLE_PREVIEWS = YES;
				GENERATE_INFOPLIST_FILE = YES;
				INFOPLIST_FILE = myRidePal/Info.plist;
				INFOPLIST_KEY_UIApplicationSceneManifest_Generation = YES;
				INFOPLIST_KEY_UIApplicationSupportsIndirectInputEvents = YES;
				INFOPLIST_KEY_UILaunchScreen_Generation = YES;
				INFOPLIST_KEY_UISupportedInterfaceOrientations_iPad = "UIInterfaceOrientationPortrait UIInterfaceOrientationPortraitUpsideDown UIInterfaceOrientationLandscapeLeft UIInterfaceOrientationLandscapeRight";
				INFOPLIST_KEY_UISupportedInterfaceOrientations_iPhone = "UIInterfaceOrientationPortrait UIInterfaceOrientationLandscapeLeft UIInterfaceOrientationLandscapeRight";
				LD_RUNPATH_SEARCH_PATHS = (
					"$(inherited)",
					"@executable_path/Frameworks",
				);
				MARKETING_VERSION = 1.0;
				PRODUCT_BUNDLE_IDENTIFIER = com.ambermate.myRidePal;
				PRODUCT_NAME = "$(TARGET_NAME)";
				SWIFT_EMIT_LOC_STRINGS = YES;
				SWIFT_VERSION = 5.0;
				TARGETED_DEVICE_FAMILY = "1,2";
			};
			name = Debug;
		};
		8F5D159C28DE4ACB0074DC83 /* Release */ = {
			isa = XCBuildConfiguration;
			buildSettings = {
				ASSETCATALOG_COMPILER_APPICON_NAME = AppIcon;
				ASSETCATALOG_COMPILER_GLOBAL_ACCENT_COLOR_NAME = AccentColor;
				CODE_SIGN_STYLE = Automatic;
				CURRENT_PROJECT_VERSION = 1;
				DEVELOPMENT_ASSET_PATHS = "\"myRidePal/Preview Content\"";
				DEVELOPMENT_TEAM = 89P42BULRY;
				ENABLE_PREVIEWS = YES;
				GENERATE_INFOPLIST_FILE = YES;
				INFOPLIST_FILE = myRidePal/Info.plist;
				INFOPLIST_KEY_UIApplicationSceneManifest_Generation = YES;
				INFOPLIST_KEY_UIApplicationSupportsIndirectInputEvents = YES;
				INFOPLIST_KEY_UILaunchScreen_Generation = YES;
				INFOPLIST_KEY_UISupportedInterfaceOrientations_iPad = "UIInterfaceOrientationPortrait UIInterfaceOrientationPortraitUpsideDown UIInterfaceOrientationLandscapeLeft UIInterfaceOrientationLandscapeRight";
				INFOPLIST_KEY_UISupportedInterfaceOrientations_iPhone = "UIInterfaceOrientationPortrait UIInterfaceOrientationLandscapeLeft UIInterfaceOrientationLandscapeRight";
				LD_RUNPATH_SEARCH_PATHS = (
					"$(inherited)",
					"@executable_path/Frameworks",
				);
				MARKETING_VERSION = 1.0;
				PRODUCT_BUNDLE_IDENTIFIER = com.ambermate.myRidePal;
				PRODUCT_NAME = "$(TARGET_NAME)";
				SWIFT_EMIT_LOC_STRINGS = YES;
				SWIFT_VERSION = 5.0;
				TARGETED_DEVICE_FAMILY = "1,2";
			};
			name = Release;
		};
		8F5D159E28DE4ACB0074DC83 /* Debug */ = {
			isa = XCBuildConfiguration;
			buildSettings = {
				ALWAYS_EMBED_SWIFT_STANDARD_LIBRARIES = YES;
				BUNDLE_LOADER = "$(TEST_HOST)";
				CODE_SIGN_STYLE = Automatic;
				CURRENT_PROJECT_VERSION = 1;
				DEVELOPMENT_TEAM = 89P42BULRY;
				GENERATE_INFOPLIST_FILE = YES;
				IPHONEOS_DEPLOYMENT_TARGET = 15.5;
				MARKETING_VERSION = 1.0;
				PRODUCT_BUNDLE_IDENTIFIER = Amber.myRidePalTests;
				PRODUCT_NAME = "$(TARGET_NAME)";
				SWIFT_EMIT_LOC_STRINGS = NO;
				SWIFT_VERSION = 5.0;
				TARGETED_DEVICE_FAMILY = "1,2";
				TEST_HOST = "$(BUILT_PRODUCTS_DIR)/myRidePal.app/myRidePal";
			};
			name = Debug;
		};
		8F5D159F28DE4ACB0074DC83 /* Release */ = {
			isa = XCBuildConfiguration;
			buildSettings = {
				ALWAYS_EMBED_SWIFT_STANDARD_LIBRARIES = YES;
				BUNDLE_LOADER = "$(TEST_HOST)";
				CODE_SIGN_STYLE = Automatic;
				CURRENT_PROJECT_VERSION = 1;
				DEVELOPMENT_TEAM = 89P42BULRY;
				GENERATE_INFOPLIST_FILE = YES;
				IPHONEOS_DEPLOYMENT_TARGET = 15.5;
				MARKETING_VERSION = 1.0;
				PRODUCT_BUNDLE_IDENTIFIER = Amber.myRidePalTests;
				PRODUCT_NAME = "$(TARGET_NAME)";
				SWIFT_EMIT_LOC_STRINGS = NO;
				SWIFT_VERSION = 5.0;
				TARGETED_DEVICE_FAMILY = "1,2";
				TEST_HOST = "$(BUILT_PRODUCTS_DIR)/myRidePal.app/myRidePal";
			};
			name = Release;
		};
		8F5D15A128DE4ACB0074DC83 /* Debug */ = {
			isa = XCBuildConfiguration;
			buildSettings = {
				ALWAYS_EMBED_SWIFT_STANDARD_LIBRARIES = YES;
				CODE_SIGN_STYLE = Automatic;
				CURRENT_PROJECT_VERSION = 1;
				DEVELOPMENT_TEAM = 89P42BULRY;
				GENERATE_INFOPLIST_FILE = YES;
				MARKETING_VERSION = 1.0;
				PRODUCT_BUNDLE_IDENTIFIER = Amber.myRidePalUITests;
				PRODUCT_NAME = "$(TARGET_NAME)";
				SWIFT_EMIT_LOC_STRINGS = NO;
				SWIFT_VERSION = 5.0;
				TARGETED_DEVICE_FAMILY = "1,2";
				TEST_TARGET_NAME = myRidePal;
			};
			name = Debug;
		};
		8F5D15A228DE4ACB0074DC83 /* Release */ = {
			isa = XCBuildConfiguration;
			buildSettings = {
				ALWAYS_EMBED_SWIFT_STANDARD_LIBRARIES = YES;
				CODE_SIGN_STYLE = Automatic;
				CURRENT_PROJECT_VERSION = 1;
				DEVELOPMENT_TEAM = 89P42BULRY;
				GENERATE_INFOPLIST_FILE = YES;
				MARKETING_VERSION = 1.0;
				PRODUCT_BUNDLE_IDENTIFIER = Amber.myRidePalUITests;
				PRODUCT_NAME = "$(TARGET_NAME)";
				SWIFT_EMIT_LOC_STRINGS = NO;
				SWIFT_VERSION = 5.0;
				TARGETED_DEVICE_FAMILY = "1,2";
				TEST_TARGET_NAME = myRidePal;
			};
			name = Release;
		};
/* End XCBuildConfiguration section */

/* Begin XCConfigurationList section */
		8F5D157128DE4AC90074DC83 /* Build configuration list for PBXProject "myRidePal" */ = {
			isa = XCConfigurationList;
			buildConfigurations = (
				8F5D159828DE4ACB0074DC83 /* Debug */,
				8F5D159928DE4ACB0074DC83 /* Release */,
			);
			defaultConfigurationIsVisible = 0;
			defaultConfigurationName = Release;
		};
		8F5D159A28DE4ACB0074DC83 /* Build configuration list for PBXNativeTarget "myRidePal" */ = {
			isa = XCConfigurationList;
			buildConfigurations = (
				8F5D159B28DE4ACB0074DC83 /* Debug */,
				8F5D159C28DE4ACB0074DC83 /* Release */,
			);
			defaultConfigurationIsVisible = 0;
			defaultConfigurationName = Release;
		};
		8F5D159D28DE4ACB0074DC83 /* Build configuration list for PBXNativeTarget "myRidePalTests" */ = {
			isa = XCConfigurationList;
			buildConfigurations = (
				8F5D159E28DE4ACB0074DC83 /* Debug */,
				8F5D159F28DE4ACB0074DC83 /* Release */,
			);
			defaultConfigurationIsVisible = 0;
			defaultConfigurationName = Release;
		};
		8F5D15A028DE4ACB0074DC83 /* Build configuration list for PBXNativeTarget "myRidePalUITests" */ = {
			isa = XCConfigurationList;
			buildConfigurations = (
				8F5D15A128DE4ACB0074DC83 /* Debug */,
				8F5D15A228DE4ACB0074DC83 /* Release */,
			);
			defaultConfigurationIsVisible = 0;
			defaultConfigurationName = Release;
		};
/* End XCConfigurationList section */

/* Begin XCRemoteSwiftPackageReference section */
		8F5D15A728DE578E0074DC83 /* XCRemoteSwiftPackageReference "firebase-ios-sdk" */ = {
			isa = XCRemoteSwiftPackageReference;
			repositoryURL = "https://github.com/firebase/firebase-ios-sdk";
			requirement = {
				branch = master;
				kind = branch;
			};
		};
		8FB3B03C28DEA6AC00CCD725 /* XCRemoteSwiftPackageReference "Kingfisher" */ = {
			isa = XCRemoteSwiftPackageReference;
			repositoryURL = "https://github.com/onevcat/Kingfisher.git";
			requirement = {
				kind = upToNextMajorVersion;
				minimumVersion = 7.0.0;
			};
		};
		8FB3B04728DED14700CCD725 /* XCRemoteSwiftPackageReference "GoogleSignIn-iOS" */ = {
			isa = XCRemoteSwiftPackageReference;
			repositoryURL = "https://github.com/google/GoogleSignIn-iOS.git";
			requirement = {
				kind = upToNextMajorVersion;
				minimumVersion = 6.0.0;
			};
		};
/* End XCRemoteSwiftPackageReference section */

/* Begin XCSwiftPackageProductDependency section */
		8F5D15A828DE578E0074DC83 /* FirebaseAuth */ = {
			isa = XCSwiftPackageProductDependency;
			package = 8F5D15A728DE578E0074DC83 /* XCRemoteSwiftPackageReference "firebase-ios-sdk" */;
			productName = FirebaseAuth;
		};
		8F5D15AA28DE578E0074DC83 /* FirebaseFirestore */ = {
			isa = XCSwiftPackageProductDependency;
			package = 8F5D15A728DE578E0074DC83 /* XCRemoteSwiftPackageReference "firebase-ios-sdk" */;
			productName = FirebaseFirestore;
		};
		8F5D15AC28DE578E0074DC83 /* FirebaseFirestoreSwift */ = {
			isa = XCSwiftPackageProductDependency;
			package = 8F5D15A728DE578E0074DC83 /* XCRemoteSwiftPackageReference "firebase-ios-sdk" */;
			productName = FirebaseFirestoreSwift;
		};
		8F5D15AE28DE578E0074DC83 /* FirebaseStorage */ = {
			isa = XCSwiftPackageProductDependency;
			package = 8F5D15A728DE578E0074DC83 /* XCRemoteSwiftPackageReference "firebase-ios-sdk" */;
			productName = FirebaseStorage;
		};
		8FB3B03D28DEA6AD00CCD725 /* Kingfisher */ = {
			isa = XCSwiftPackageProductDependency;
			package = 8FB3B03C28DEA6AC00CCD725 /* XCRemoteSwiftPackageReference "Kingfisher" */;
			productName = Kingfisher;
		};
		8FB3B04828DED14700CCD725 /* GoogleSignIn */ = {
			isa = XCSwiftPackageProductDependency;
			package = 8FB3B04728DED14700CCD725 /* XCRemoteSwiftPackageReference "GoogleSignIn-iOS" */;
			productName = GoogleSignIn;
		};
		8FB3B04A28DED14700CCD725 /* GoogleSignInSwift */ = {
			isa = XCSwiftPackageProductDependency;
			package = 8FB3B04728DED14700CCD725 /* XCRemoteSwiftPackageReference "GoogleSignIn-iOS" */;
			productName = GoogleSignInSwift;
		};
/* End XCSwiftPackageProductDependency section */
	};
	rootObject = 8F5D156E28DE4AC90074DC83 /* Project object */;
}
